
Microsoft Visual Studio Solution File, Format Version 12.00
# Visual Studio Version 17
VisualStudioVersion = 17.6.33801.468
MinimumVisualStudioVersion = 10.0.40219.1
Project("{FAE04EC0-301F-11D3-BF4B-00C04F79EFBC}") = "CadastroPessoa", "CadastroPessoa\CadastroPessoa.csproj", "{A3AB1933-DE99-484C-BAA2-A970212E10B1}"
EndProject
Global
	GlobalSection(SolutionConfigurationPlatforms) = preSolution
		Debug|Any CPU = Debug|Any CPU
		Release|Any CPU = Release|Any CPU
	EndGlobalSection
	GlobalSection(ProjectConfigurationPlatforms) = postSolution
		{A3AB1933-DE99-484C-BAA2-A970212E10B1}.Debug|Any CPU.ActiveCfg = Debug|Any CPU
		{A3AB1933-DE99-484C-BAA2-A970212E10B1}.Debug|Any CPU.Build.0 = Debug|Any CPU
		{A3AB1933-DE99-484C-BAA2-A970212E10B1}.Release|Any CPU.ActiveCfg = Release|Any CPU
		{A3AB1933-DE99-484C-BAA2-A970212E10B1}.Release|Any CPU.Build.0 = Release|Any CPU
	EndGlobalSection
	GlobalSection(SolutionProperties) = preSolution
		HideSolutionNode = FALSE
	EndGlobalSection
	GlobalSection(ExtensibilityGlobals) = postSolution
		SolutionGuid = {457399A2-34FA-4225-8078-F3062FBF769E}
	EndGlobalSection
EndGlobal
